
Microsoft Visual Studio Solution File, Format Version 12.00
# Visual Studio Version 17
VisualStudioVersion = 17.1.32328.378
MinimumVisualStudioVersion = 10.0.40219.1
Project("{9A19103F-16F7-4668-BE54-9A1E7A4F7556}") = "mmfm.Controls", "mmfm.controls\mmfm.Controls.csproj", "{70BFF0C4-FE3A-45DF-914F-65F6B55A4608}"
EndProject
Project("{9A19103F-16F7-4668-BE54-9A1E7A4F7556}") = "mmfm.Converters", "mmfm.Converters\mmfm.Converters.csproj", "{E998A5E2-B5CB-4226-ADA4-E9470B752AD0}"
EndProject
Project("{9A19103F-16F7-4668-BE54-9A1E7A4F7556}") = "mmfm.ViewModel", "mmfm.ViewModel\mmfm.ViewModel.csproj", "{781A74E8-2B9F-4FE8-B76D-7870203CE5D5}"
EndProject
Project("{9A19103F-16F7-4668-BE54-9A1E7A4F7556}") = "mmfm", "mmfm\mmfm.csproj", "{39305CB1-5550-46CA-8B43-EEF2923E4A18}"
EndProject
Project("{9A19103F-16F7-4668-BE54-9A1E7A4F7556}") = "Msmc.Patterns", "Patterns\Msmc.Patterns\Msmc.Patterns.csproj", "{91D31147-5A50-4715-B254-6D3F1C1991F5}"
EndProject
Project("{9A19103F-16F7-4668-BE54-9A1E7A4F7556}") = "mmfm.Model", "mmfm.Model\mmfm.Model.csproj", "{0446DD21-C480-4ED9-840A-7E75B1923636}"
EndProject
Project("{FAE04EC0-301F-11D3-BF4B-00C04F79EFBC}") = "mmfm.Plugin", "mmfm.Plugin\mmfm.Plugin.csproj", "{2822D934-23DF-441B-A964-D5396BA47431}"
EndProject
Global
	GlobalSection(SolutionConfigurationPlatforms) = preSolution
		Debug|Any CPU = Debug|Any CPU
		Debug|arm64 = Debug|arm64
		Debug|x64 = Debug|x64
		Debug|x86 = Debug|x86
		Release|Any CPU = Release|Any CPU
		Release|arm64 = Release|arm64
		Release|x64 = Release|x64
		Release|x86 = Release|x86
	EndGlobalSection
	GlobalSection(ProjectConfigurationPlatforms) = postSolution
		{70BFF0C4-FE3A-45DF-914F-65F6B55A4608}.Debug|Any CPU.ActiveCfg = Debug|Any CPU
		{70BFF0C4-FE3A-45DF-914F-65F6B55A4608}.Debug|Any CPU.Build.0 = Debug|Any CPU
		{70BFF0C4-FE3A-45DF-914F-65F6B55A4608}.Debug|arm64.ActiveCfg = Debug|Any CPU
		{70BFF0C4-FE3A-45DF-914F-65F6B55A4608}.Debug|arm64.Build.0 = Debug|Any CPU
		{70BFF0C4-FE3A-45DF-914F-65F6B55A4608}.Debug|x64.ActiveCfg = Debug|Any CPU
		{70BFF0C4-FE3A-45DF-914F-65F6B55A4608}.Debug|x64.Build.0 = Debug|Any CPU
		{70BFF0C4-FE3A-45DF-914F-65F6B55A4608}.Debug|x86.ActiveCfg = Debug|Any CPU
		{70BFF0C4-FE3A-45DF-914F-65F6B55A4608}.Debug|x86.Build.0 = Debug|Any CPU
		{70BFF0C4-FE3A-45DF-914F-65F6B55A4608}.Release|Any CPU.ActiveCfg = Release|Any CPU
		{70BFF0C4-FE3A-45DF-914F-65F6B55A4608}.Release|Any CPU.Build.0 = Release|Any CPU
		{70BFF0C4-FE3A-45DF-914F-65F6B55A4608}.Release|arm64.ActiveCfg = Release|Any CPU
		{70BFF0C4-FE3A-45DF-914F-65F6B55A4608}.Release|arm64.Build.0 = Release|Any CPU
		{70BFF0C4-FE3A-45DF-914F-65F6B55A4608}.Release|x64.ActiveCfg = Release|Any CPU
		{70BFF0C4-FE3A-45DF-914F-65F6B55A4608}.Release|x64.Build.0 = Release|Any CPU
		{70BFF0C4-FE3A-45DF-914F-65F6B55A4608}.Release|x86.ActiveCfg = Release|Any CPU
		{70BFF0C4-FE3A-45DF-914F-65F6B55A4608}.Release|x86.Build.0 = Release|Any CPU
		{E998A5E2-B5CB-4226-ADA4-E9470B752AD0}.Debug|Any CPU.ActiveCfg = Debug|Any CPU
		{E998A5E2-B5CB-4226-ADA4-E9470B752AD0}.Debug|Any CPU.Build.0 = Debug|Any CPU
		{E998A5E2-B5CB-4226-ADA4-E9470B752AD0}.Debug|arm64.ActiveCfg = Debug|Any CPU
		{E998A5E2-B5CB-4226-ADA4-E9470B752AD0}.Debug|arm64.Build.0 = Debug|Any CPU
		{E998A5E2-B5CB-4226-ADA4-E9470B752AD0}.Debug|x64.ActiveCfg = Debug|Any CPU
		{E998A5E2-B5CB-4226-ADA4-E9470B752AD0}.Debug|x64.Build.0 = Debug|Any CPU
		{E998A5E2-B5CB-4226-ADA4-E9470B752AD0}.Debug|x86.ActiveCfg = Debug|Any CPU
		{E998A5E2-B5CB-4226-ADA4-E9470B752AD0}.Debug|x86.Build.0 = Debug|Any CPU
		{E998A5E2-B5CB-4226-ADA4-E9470B752AD0}.Release|Any CPU.ActiveCfg = Release|Any CPU
		{E998A5E2-B5CB-4226-ADA4-E9470B752AD0}.Release|Any CPU.Build.0 = Release|Any CPU
		{E998A5E2-B5CB-4226-ADA4-E9470B752AD0}.Release|arm64.ActiveCfg = Release|Any CPU
		{E998A5E2-B5CB-4226-ADA4-E9470B752AD0}.Release|arm64.Build.0 = Release|Any CPU
		{E998A5E2-B5CB-4226-ADA4-E9470B752AD0}.Release|x64.ActiveCfg = Release|Any CPU
		{E998A5E2-B5CB-4226-ADA4-E9470B752AD0}.Release|x64.Build.0 = Release|Any CPU
		{E998A5E2-B5CB-4226-ADA4-E9470B752AD0}.Release|x86.ActiveCfg = Release|Any CPU
		{E998A5E2-B5CB-4226-ADA4-E9470B752AD0}.Release|x86.Build.0 = Release|Any CPU
		{781A74E8-2B9F-4FE8-B76D-7870203CE5D5}.Debug|Any CPU.ActiveCfg = Debug|Any CPU
		{781A74E8-2B9F-4FE8-B76D-7870203CE5D5}.Debug|Any CPU.Build.0 = Debug|Any CPU
		{781A74E8-2B9F-4FE8-B76D-7870203CE5D5}.Debug|arm64.ActiveCfg = Debug|Any CPU
		{781A74E8-2B9F-4FE8-B76D-7870203CE5D5}.Debug|arm64.Build.0 = Debug|Any CPU
		{781A74E8-2B9F-4FE8-B76D-7870203CE5D5}.Debug|x64.ActiveCfg = Debug|Any CPU
		{781A74E8-2B9F-4FE8-B76D-7870203CE5D5}.Debug|x64.Build.0 = Debug|Any CPU
		{781A74E8-2B9F-4FE8-B76D-7870203CE5D5}.Debug|x86.ActiveCfg = Debug|Any CPU
		{781A74E8-2B9F-4FE8-B76D-7870203CE5D5}.Debug|x86.Build.0 = Debug|Any CPU
		{781A74E8-2B9F-4FE8-B76D-7870203CE5D5}.Release|Any CPU.ActiveCfg = Release|Any CPU
		{781A74E8-2B9F-4FE8-B76D-7870203CE5D5}.Release|Any CPU.Build.0 = Release|Any CPU
		{781A74E8-2B9F-4FE8-B76D-7870203CE5D5}.Release|arm64.ActiveCfg = Release|Any CPU
		{781A74E8-2B9F-4FE8-B76D-7870203CE5D5}.Release|arm64.Build.0 = Release|Any CPU
		{781A74E8-2B9F-4FE8-B76D-7870203CE5D5}.Release|x64.ActiveCfg = Release|Any CPU
		{781A74E8-2B9F-4FE8-B76D-7870203CE5D5}.Release|x64.Build.0 = Release|Any CPU
		{781A74E8-2B9F-4FE8-B76D-7870203CE5D5}.Release|x86.ActiveCfg = Release|Any CPU
		{781A74E8-2B9F-4FE8-B76D-7870203CE5D5}.Release|x86.Build.0 = Release|Any CPU
		{39305CB1-5550-46CA-8B43-EEF2923E4A18}.Debug|Any CPU.ActiveCfg = Debug|x64
		{39305CB1-5550-46CA-8B43-EEF2923E4A18}.Debug|Any CPU.Build.0 = Debug|x64
		{39305CB1-5550-46CA-8B43-EEF2923E4A18}.Debug|Any CPU.Deploy.0 = Debug|x64
		{39305CB1-5550-46CA-8B43-EEF2923E4A18}.Debug|arm64.ActiveCfg = Debug|arm64
		{39305CB1-5550-46CA-8B43-EEF2923E4A18}.Debug|arm64.Build.0 = Debug|arm64
		{39305CB1-5550-46CA-8B43-EEF2923E4A18}.Debug|arm64.Deploy.0 = Debug|arm64
		{39305CB1-5550-46CA-8B43-EEF2923E4A18}.Debug|x64.ActiveCfg = Debug|x64
		{39305CB1-5550-46CA-8B43-EEF2923E4A18}.Debug|x64.Build.0 = Debug|x64
		{39305CB1-5550-46CA-8B43-EEF2923E4A18}.Debug|x64.Deploy.0 = Debug|x64
		{39305CB1-5550-46CA-8B43-EEF2923E4A18}.Debug|x86.ActiveCfg = Debug|x86
		{39305CB1-5550-46CA-8B43-EEF2923E4A18}.Debug|x86.Build.0 = Debug|x86
		{39305CB1-5550-46CA-8B43-EEF2923E4A18}.Debug|x86.Deploy.0 = Debug|x86
		{39305CB1-5550-46CA-8B43-EEF2923E4A18}.Release|Any CPU.ActiveCfg = Release|x64
		{39305CB1-5550-46CA-8B43-EEF2923E4A18}.Release|Any CPU.Build.0 = Release|x64
		{39305CB1-5550-46CA-8B43-EEF2923E4A18}.Release|Any CPU.Deploy.0 = Release|x64
		{39305CB1-5550-46CA-8B43-EEF2923E4A18}.Release|arm64.ActiveCfg = Release|arm64
		{39305CB1-5550-46CA-8B43-EEF2923E4A18}.Release|arm64.Build.0 = Release|arm64
		{39305CB1-5550-46CA-8B43-EEF2923E4A18}.Release|arm64.Deploy.0 = Release|arm64
		{39305CB1-5550-46CA-8B43-EEF2923E4A18}.Release|x64.ActiveCfg = Release|x64
		{39305CB1-5550-46CA-8B43-EEF2923E4A18}.Release|x64.Build.0 = Release|x64
		{39305CB1-5550-46CA-8B43-EEF2923E4A18}.Release|x64.Deploy.0 = Release|x64
		{39305CB1-5550-46CA-8B43-EEF2923E4A18}.Release|x86.ActiveCfg = Release|x86
		{39305CB1-5550-46CA-8B43-EEF2923E4A18}.Release|x86.Build.0 = Release|x86
		{39305CB1-5550-46CA-8B43-EEF2923E4A18}.Release|x86.Deploy.0 = Release|x86
		{91D31147-5A50-4715-B254-6D3F1C1991F5}.Debug|Any CPU.ActiveCfg = Debug|Any CPU
		{91D31147-5A50-4715-B254-6D3F1C1991F5}.Debug|Any CPU.Build.0 = Debug|Any CPU
		{91D31147-5A50-4715-B254-6D3F1C1991F5}.Debug|arm64.ActiveCfg = Debug|Any CPU
		{91D31147-5A50-4715-B254-6D3F1C1991F5}.Debug|arm64.Build.0 = Debug|Any CPU
		{91D31147-5A50-4715-B254-6D3F1C1991F5}.Debug|x64.ActiveCfg = Debug|Any CPU
		{91D31147-5A50-4715-B254-6D3F1C1991F5}.Debug|x64.Build.0 = Debug|Any CPU
		{91D31147-5A50-4715-B254-6D3F1C1991F5}.Debug|x86.ActiveCfg = Debug|x86
		{91D31147-5A50-4715-B254-6D3F1C1991F5}.Debug|x86.Build.0 = Debug|x86
		{91D31147-5A50-4715-B254-6D3F1C1991F5}.Release|Any CPU.ActiveCfg = Release|Any CPU
		{91D31147-5A50-4715-B254-6D3F1C1991F5}.Release|Any CPU.Build.0 = Release|Any CPU
		{91D31147-5A50-4715-B254-6D3F1C1991F5}.Release|arm64.ActiveCfg = Release|Any CPU
		{91D31147-5A50-4715-B254-6D3F1C1991F5}.Release|arm64.Build.0 = Release|Any CPU
		{91D31147-5A50-4715-B254-6D3F1C1991F5}.Release|x64.ActiveCfg = Release|x64
		{91D31147-5A50-4715-B254-6D3F1C1991F5}.Release|x64.Build.0 = Release|x64
		{91D31147-5A50-4715-B254-6D3F1C1991F5}.Release|x86.ActiveCfg = Release|x86
		{91D31147-5A50-4715-B254-6D3F1C1991F5}.Release|x86.Build.0 = Release|x86
		{0446DD21-C480-4ED9-840A-7E75B1923636}.Debug|Any CPU.ActiveCfg = Debug|Any CPU
		{0446DD21-C480-4ED9-840A-7E75B1923636}.Debug|Any CPU.Build.0 = Debug|Any CPU
		{0446DD21-C480-4ED9-840A-7E75B1923636}.Debug|arm64.ActiveCfg = Debug|Any CPU
		{0446DD21-C480-4ED9-840A-7E75B1923636}.Debug|arm64.Build.0 = Debug|Any CPU
		{0446DD21-C480-4ED9-840A-7E75B1923636}.Debug|x64.ActiveCfg = Debug|Any CPU
		{0446DD21-C480-4ED9-840A-7E75B1923636}.Debug|x64.Build.0 = Debug|Any CPU
		{0446DD21-C480-4ED9-840A-7E75B1923636}.Debug|x86.ActiveCfg = Debug|Any CPU
		{0446DD21-C480-4ED9-840A-7E75B1923636}.Debug|x86.Build.0 = Debug|Any CPU
		{0446DD21-C480-4ED9-840A-7E75B1923636}.Release|Any CPU.ActiveCfg = Release|Any CPU
		{0446DD21-C480-4ED9-840A-7E75B1923636}.Release|Any CPU.Build.0 = Release|Any CPU
		{0446DD21-C480-4ED9-840A-7E75B1923636}.Release|arm64.ActiveCfg = Release|Any CPU
		{0446DD21-C480-4ED9-840A-7E75B1923636}.Release|arm64.Build.0 = Release|Any CPU
		{0446DD21-C480-4ED9-840A-7E75B1923636}.Release|x64.ActiveCfg = Release|Any CPU
		{0446DD21-C480-4ED9-840A-7E75B1923636}.Release|x64.Build.0 = Release|Any CPU
		{0446DD21-C480-4ED9-840A-7E75B1923636}.Release|x86.ActiveCfg = Release|Any CPU
		{0446DD21-C480-4ED9-840A-7E75B1923636}.Release|x86.Build.0 = Release|Any CPU
		{2822D934-23DF-441B-A964-D5396BA47431}.Debug|Any CPU.ActiveCfg = Debug|Any CPU
		{2822D934-23DF-441B-A964-D5396BA47431}.Debug|Any CPU.Build.0 = Debug|Any CPU
		{2822D934-23DF-441B-A964-D5396BA47431}.Debug|arm64.ActiveCfg = Debug|Any CPU
		{2822D934-23DF-441B-A964-D5396BA47431}.Debug|arm64.Build.0 = Debug|Any CPU
		{2822D934-23DF-441B-A964-D5396BA47431}.Debug|x64.ActiveCfg = Debug|Any CPU
		{2822D934-23DF-441B-A964-D5396BA47431}.Debug|x64.Build.0 = Debug|Any CPU
		{2822D934-23DF-441B-A964-D5396BA47431}.Debug|x86.ActiveCfg = Debug|Any CPU
		{2822D934-23DF-441B-A964-D5396BA47431}.Debug|x86.Build.0 = Debug|Any CPU
		{2822D934-23DF-441B-A964-D5396BA47431}.Release|Any CPU.ActiveCfg = Release|Any CPU
		{2822D934-23DF-441B-A964-D5396BA47431}.Release|Any CPU.Build.0 = Release|Any CPU
		{2822D934-23DF-441B-A964-D5396BA47431}.Release|arm64.ActiveCfg = Release|Any CPU
		{2822D934-23DF-441B-A964-D5396BA47431}.Release|arm64.Build.0 = Release|Any CPU
		{2822D934-23DF-441B-A964-D5396BA47431}.Release|x64.ActiveCfg = Release|Any CPU
		{2822D934-23DF-441B-A964-D5396BA47431}.Release|x64.Build.0 = Release|Any CPU
		{2822D934-23DF-441B-A964-D5396BA47431}.Release|x86.ActiveCfg = Release|Any CPU
		{2822D934-23DF-441B-A964-D5396BA47431}.Release|x86.Build.0 = Release|Any CPU
	EndGlobalSection
	GlobalSection(SolutionProperties) = preSolution
		HideSolutionNode = FALSE
	EndGlobalSection
	GlobalSection(ExtensibilityGlobals) = postSolution
		SolutionGuid = {6F58B170-A2A7-403B-A224-5DA67B3BB74D}
	EndGlobalSection
EndGlobal
